
Microsoft Visual Studio Solution File, Format Version 12.00
# Visual Studio 15
VisualStudioVersion = 15.0.26430.13
MinimumVisualStudioVersion = 10.0.40219.1
Project("{FAE04EC0-301F-11D3-BF4B-00C04F79EFBC}") = "LogoFX.Client.Mvvm.ViewModelFactory", "LogoFX.Client.Mvvm.ViewModelFactory\portable\LogoFX.Client.Mvvm.ViewModelFactory.csproj", "{4875C69C-BFE6-459F-8492-B9F2DA0EFB21}"
EndProject
Global
	GlobalSection(SolutionConfigurationPlatforms) = preSolution
		Debug|Any CPU = Debug|Any CPU
		Release|Any CPU = Release|Any CPU
	EndGlobalSection
	GlobalSection(ProjectConfigurationPlatforms) = postSolution
		{4875C69C-BFE6-459F-8492-B9F2DA0EFB21}.Debug|Any CPU.ActiveCfg = Debug|Any CPU
		{4875C69C-BFE6-459F-8492-B9F2DA0EFB21}.Debug|Any CPU.Build.0 = Debug|Any CPU
		{4875C69C-BFE6-459F-8492-B9F2DA0EFB21}.Release|Any CPU.ActiveCfg = Release|Any CPU
		{4875C69C-BFE6-459F-8492-B9F2DA0EFB21}.Release|Any CPU.Build.0 = Release|Any CPU
	EndGlobalSection
	GlobalSection(SolutionProperties) = preSolution
		HideSolutionNode = FALSE
	EndGlobalSection
EndGlobal
