
Microsoft Visual Studio Solution File, Format Version 12.00
# Visual Studio 15
VisualStudioVersion = 15.0.27004.2010
MinimumVisualStudioVersion = 10.0.40219.1
Project("{9A19103F-16F7-4668-BE54-9A1E7A4F7556}") = "LogoFX.Client.Mvvm.ViewModelFactory", "LogoFX.Client.Mvvm.ViewModelFactory\LogoFX.Client.Mvvm.ViewModelFactory.csproj", "{B8ABB5B2-5E50-459E-B60F-13F946753FC6}"
EndProject
Global
	GlobalSection(SolutionConfigurationPlatforms) = preSolution
		Debug|Any CPU = Debug|Any CPU
		Release|Any CPU = Release|Any CPU
	EndGlobalSection
	GlobalSection(ProjectConfigurationPlatforms) = postSolution
		{B8ABB5B2-5E50-459E-B60F-13F946753FC6}.Debug|Any CPU.ActiveCfg = Debug|Any CPU
		{B8ABB5B2-5E50-459E-B60F-13F946753FC6}.Debug|Any CPU.Build.0 = Debug|Any CPU
		{B8ABB5B2-5E50-459E-B60F-13F946753FC6}.Release|Any CPU.ActiveCfg = Release|Any CPU
		{B8ABB5B2-5E50-459E-B60F-13F946753FC6}.Release|Any CPU.Build.0 = Release|Any CPU
	EndGlobalSection
	GlobalSection(SolutionProperties) = preSolution
		HideSolutionNode = FALSE
	EndGlobalSection
	GlobalSection(ExtensibilityGlobals) = postSolution
		SolutionGuid = {6F8B3395-0654-45DD-8811-EA018158057A}
	EndGlobalSection
EndGlobal
